
Microsoft Visual Studio Solution File, Format Version 12.00
# Visual Studio Version 16
VisualStudioVersion = 16.0.31019.35
MinimumVisualStudioVersion = 10.0.40219.1
Project("{8BC9CEB8-8B4A-11D0-8D11-00A0C91BC942}") = "MCTS_CUDA", "MCTS_CUDA.vcxproj", "{B1722B35-E916-44ED-9C6B-B69B57D94BCF}"
EndProject
Project("{2150E333-8FDC-42A3-9474-1A3956D46DE8}") = "DEBUGGER", "DEBUGGER", "{797CB6D0-6CDD-4F2E-AB6E-B1DC06C2F975}"
EndProject
Project("{8BC9CEB8-8B4A-11D0-8D11-00A0C91BC942}") = "Pathfinding_Debugger", "..\PathfindingDLLforPython\Debugger\Debugger.vcxproj", "{16C77FE9-608E-4517-9765-17B88E422D15}"
	ProjectSection(ProjectDependencies) = postProject
		{B1722B35-E916-44ED-9C6B-B69B57D94BCF} = {B1722B35-E916-44ED-9C6B-B69B57D94BCF}
	EndProjectSection
EndProject
Project("{8BC9CEB8-8B4A-11D0-8D11-00A0C91BC942}") = "GameControler_DEBUGGER", "..\GameControler\GameControler\GameControler.vcxproj", "{391E3D66-949B-4642-A74E-F8EA23388104}"
	ProjectSection(ProjectDependencies) = postProject
		{B1722B35-E916-44ED-9C6B-B69B57D94BCF} = {B1722B35-E916-44ED-9C6B-B69B57D94BCF}
	EndProjectSection
EndProject
Project("{8BC9CEB8-8B4A-11D0-8D11-00A0C91BC942}") = "TEST_EASYX", "..\TEST_EASYX\TEST_EASYX.vcxproj", "{4CD418CE-9667-4434-8359-1CFEB8515C60}"
EndProject
Global
	GlobalSection(SolutionConfigurationPlatforms) = preSolution
		Debug|Win32 = Debug|Win32
		Debug|x64 = Debug|x64
		Debug|x86 = Debug|x86
		Release|Win32 = Release|Win32
		Release|x64 = Release|x64
		Release|x86 = Release|x86
	EndGlobalSection
	GlobalSection(ProjectConfigurationPlatforms) = postSolution
		{B1722B35-E916-44ED-9C6B-B69B57D94BCF}.Debug|Win32.ActiveCfg = Debug|Win32
		{B1722B35-E916-44ED-9C6B-B69B57D94BCF}.Debug|Win32.Build.0 = Debug|Win32
		{B1722B35-E916-44ED-9C6B-B69B57D94BCF}.Debug|x64.ActiveCfg = Debug|x64
		{B1722B35-E916-44ED-9C6B-B69B57D94BCF}.Debug|x64.Build.0 = Debug|x64
		{B1722B35-E916-44ED-9C6B-B69B57D94BCF}.Debug|x86.ActiveCfg = Debug|x64
		{B1722B35-E916-44ED-9C6B-B69B57D94BCF}.Release|Win32.ActiveCfg = Release|Win32
		{B1722B35-E916-44ED-9C6B-B69B57D94BCF}.Release|Win32.Build.0 = Release|Win32
		{B1722B35-E916-44ED-9C6B-B69B57D94BCF}.Release|x64.ActiveCfg = Release|x64
		{B1722B35-E916-44ED-9C6B-B69B57D94BCF}.Release|x64.Build.0 = Release|x64
		{B1722B35-E916-44ED-9C6B-B69B57D94BCF}.Release|x86.ActiveCfg = Release|x64
		{16C77FE9-608E-4517-9765-17B88E422D15}.Debug|Win32.ActiveCfg = Debug|Win32
		{16C77FE9-608E-4517-9765-17B88E422D15}.Debug|Win32.Build.0 = Debug|Win32
		{16C77FE9-608E-4517-9765-17B88E422D15}.Debug|x64.ActiveCfg = Debug|x64
		{16C77FE9-608E-4517-9765-17B88E422D15}.Debug|x64.Build.0 = Debug|x64
		{16C77FE9-608E-4517-9765-17B88E422D15}.Debug|x86.ActiveCfg = Debug|Win32
		{16C77FE9-608E-4517-9765-17B88E422D15}.Debug|x86.Build.0 = Debug|Win32
		{16C77FE9-608E-4517-9765-17B88E422D15}.Release|Win32.ActiveCfg = Release|Win32
		{16C77FE9-608E-4517-9765-17B88E422D15}.Release|Win32.Build.0 = Release|Win32
		{16C77FE9-608E-4517-9765-17B88E422D15}.Release|x64.ActiveCfg = Release|x64
		{16C77FE9-608E-4517-9765-17B88E422D15}.Release|x86.ActiveCfg = Release|Win32
		{16C77FE9-608E-4517-9765-17B88E422D15}.Release|x86.Build.0 = Release|Win32
		{391E3D66-949B-4642-A74E-F8EA23388104}.Debug|Win32.ActiveCfg = Debug|Win32
		{391E3D66-949B-4642-A74E-F8EA23388104}.Debug|Win32.Build.0 = Debug|Win32
		{391E3D66-949B-4642-A74E-F8EA23388104}.Debug|x64.ActiveCfg = Debug|x64
		{391E3D66-949B-4642-A74E-F8EA23388104}.Debug|x64.Build.0 = Debug|x64
		{391E3D66-949B-4642-A74E-F8EA23388104}.Debug|x86.ActiveCfg = Debug|Win32
		{391E3D66-949B-4642-A74E-F8EA23388104}.Debug|x86.Build.0 = Debug|Win32
		{391E3D66-949B-4642-A74E-F8EA23388104}.Release|Win32.ActiveCfg = Release|Win32
		{391E3D66-949B-4642-A74E-F8EA23388104}.Release|Win32.Build.0 = Release|Win32
		{391E3D66-949B-4642-A74E-F8EA23388104}.Release|x64.ActiveCfg = Release|x64
		{391E3D66-949B-4642-A74E-F8EA23388104}.Release|x86.ActiveCfg = Release|Win32
		{391E3D66-949B-4642-A74E-F8EA23388104}.Release|x86.Build.0 = Release|Win32
		{4CD418CE-9667-4434-8359-1CFEB8515C60}.Debug|Win32.ActiveCfg = Debug|Win32
		{4CD418CE-9667-4434-8359-1CFEB8515C60}.Debug|Win32.Build.0 = Debug|Win32
		{4CD418CE-9667-4434-8359-1CFEB8515C60}.Debug|x64.ActiveCfg = Debug|x64
		{4CD418CE-9667-4434-8359-1CFEB8515C60}.Debug|x64.Build.0 = Debug|x64
		{4CD418CE-9667-4434-8359-1CFEB8515C60}.Debug|x86.ActiveCfg = Debug|Win32
		{4CD418CE-9667-4434-8359-1CFEB8515C60}.Debug|x86.Build.0 = Debug|Win32
		{4CD418CE-9667-4434-8359-1CFEB8515C60}.Release|Win32.ActiveCfg = Release|Win32
		{4CD418CE-9667-4434-8359-1CFEB8515C60}.Release|Win32.Build.0 = Release|Win32
		{4CD418CE-9667-4434-8359-1CFEB8515C60}.Release|x64.ActiveCfg = Release|x64
		{4CD418CE-9667-4434-8359-1CFEB8515C60}.Release|x64.Build.0 = Release|x64
		{4CD418CE-9667-4434-8359-1CFEB8515C60}.Release|x86.ActiveCfg = Release|Win32
		{4CD418CE-9667-4434-8359-1CFEB8515C60}.Release|x86.Build.0 = Release|Win32
	EndGlobalSection
	GlobalSection(SolutionProperties) = preSolution
		HideSolutionNode = FALSE
	EndGlobalSection
	GlobalSection(NestedProjects) = preSolution
		{16C77FE9-608E-4517-9765-17B88E422D15} = {797CB6D0-6CDD-4F2E-AB6E-B1DC06C2F975}
		{391E3D66-949B-4642-A74E-F8EA23388104} = {797CB6D0-6CDD-4F2E-AB6E-B1DC06C2F975}
	EndGlobalSection
	GlobalSection(ExtensibilityGlobals) = postSolution
		SolutionGuid = {64863D0B-BBC8-4ED1-A261-18C8086E43D5}
	EndGlobalSection
EndGlobal
